
Microsoft Visual Studio Solution File, Format Version 12.00
# Visual Studio Version 16
VisualStudioVersion = 16.0.31729.503
MinimumVisualStudioVersion = 10.0.40219.1
Project("{9A19103F-16F7-4668-BE54-9A1E7A4F7556}") = "RecentlyUsedList", "RecentlyUsedList\RecentlyUsedList.csproj", "{6FFBA872-0FEE-4C87-85F3-3BD6AEA9DB0F}"
EndProject
Project("{FAE04EC0-301F-11D3-BF4B-00C04F79EFBC}") = "Demo", "Demo\Demo.csproj", "{B1B20D8F-5C9A-4660-9F29-CC43BF5043CC}"
EndProject
Project("{FAE04EC0-301F-11D3-BF4B-00C04F79EFBC}") = "RecentlyUsedListTests", "RecentlyUsedListTests\RecentlyUsedListTests.csproj", "{11D35877-0F64-451D-862C-F28A5C6C1B97}"
EndProject
Global
	GlobalSection(SolutionConfigurationPlatforms) = preSolution
		Debug|Any CPU = Debug|Any CPU
		Release|Any CPU = Release|Any CPU
	EndGlobalSection
	GlobalSection(ProjectConfigurationPlatforms) = postSolution
		{6FFBA872-0FEE-4C87-85F3-3BD6AEA9DB0F}.Debug|Any CPU.ActiveCfg = Debug|Any CPU
		{6FFBA872-0FEE-4C87-85F3-3BD6AEA9DB0F}.Debug|Any CPU.Build.0 = Debug|Any CPU
		{6FFBA872-0FEE-4C87-85F3-3BD6AEA9DB0F}.Release|Any CPU.ActiveCfg = Release|Any CPU
		{6FFBA872-0FEE-4C87-85F3-3BD6AEA9DB0F}.Release|Any CPU.Build.0 = Release|Any CPU
		{B1B20D8F-5C9A-4660-9F29-CC43BF5043CC}.Debug|Any CPU.ActiveCfg = Debug|Any CPU
		{B1B20D8F-5C9A-4660-9F29-CC43BF5043CC}.Debug|Any CPU.Build.0 = Debug|Any CPU
		{B1B20D8F-5C9A-4660-9F29-CC43BF5043CC}.Release|Any CPU.ActiveCfg = Release|Any CPU
		{B1B20D8F-5C9A-4660-9F29-CC43BF5043CC}.Release|Any CPU.Build.0 = Release|Any CPU
		{11D35877-0F64-451D-862C-F28A5C6C1B97}.Debug|Any CPU.ActiveCfg = Debug|Any CPU
		{11D35877-0F64-451D-862C-F28A5C6C1B97}.Debug|Any CPU.Build.0 = Debug|Any CPU
		{11D35877-0F64-451D-862C-F28A5C6C1B97}.Release|Any CPU.ActiveCfg = Release|Any CPU
		{11D35877-0F64-451D-862C-F28A5C6C1B97}.Release|Any CPU.Build.0 = Release|Any CPU
	EndGlobalSection
	GlobalSection(SolutionProperties) = preSolution
		HideSolutionNode = FALSE
	EndGlobalSection
	GlobalSection(ExtensibilityGlobals) = postSolution
		SolutionGuid = {7F2D35BF-D459-451A-8266-51BD43F328E5}
	EndGlobalSection
EndGlobal
